
Microsoft Visual Studio Solution File, Format Version 12.00
# Visual Studio 14
VisualStudioVersion = 14.0.25420.1
MinimumVisualStudioVersion = 10.0.40219.1
Project("{FAE04EC0-301F-11D3-BF4B-00C04F79EFBC}") = "Model", "Model\Model.csproj", "{4AF563B8-FCB7-403B-9A05-0E97C905A770}"
EndProject
Project("{FAE04EC0-301F-11D3-BF4B-00C04F79EFBC}") = "DAL", "DAL\DAL.csproj", "{C99E38E7-CB1A-4176-B1A4-C684147AB7A2}"
EndProject
Project("{FAE04EC0-301F-11D3-BF4B-00C04F79EFBC}") = "BLL", "BLL\BLL.csproj", "{EFA6E0B4-E51E-4CF5-8C11-E206DB933119}"
EndProject
Project("{FAE04EC0-301F-11D3-BF4B-00C04F79EFBC}") = "Common", "Common\Common.csproj", "{83972257-FDC7-4460-B236-CBFADF30674A}"
EndProject
Project("{FAE04EC0-301F-11D3-BF4B-00C04F79EFBC}") = "ASP.NETMVCUI", "UI\ASP.NETMVCUI.csproj", "{B5E351A7-666F-446E-B1B8-2305D5C153AB}"
EndProject
Project("{FAE04EC0-301F-11D3-BF4B-00C04F79EFBC}") = "IDAL", "IDAL\IDAL.csproj", "{C033D8E7-2422-4094-9212-4157A963FA34}"
EndProject
Project("{FAE04EC0-301F-11D3-BF4B-00C04F79EFBC}") = "DALFactory", "DALFactory\DALFactory.csproj", "{D954F9BC-D1AB-4288-9E26-CE2213FA5DBC}"
EndProject
Project("{FAE04EC0-301F-11D3-BF4B-00C04F79EFBC}") = "IBLL", "IBLL\IBLL.csproj", "{ECE5A73B-99B2-4137-8AB8-2C76B54E2B0A}"
EndProject
Project("{2150E333-8FDC-42A3-9474-1A3956D46DE8}") = "DALS", "DALS", "{275927B4-9FCB-4802-A3F2-CD7BA88D2CBF}"
EndProject
Project("{2150E333-8FDC-42A3-9474-1A3956D46DE8}") = "BLLS", "BLLS", "{B457BBCE-D498-4067-85EE-5AE70FBA7C34}"
EndProject
Project("{2150E333-8FDC-42A3-9474-1A3956D46DE8}") = "Models", "Models", "{E11F1C40-1EDB-4031-9F51-077500475424}"
EndProject
Project("{2150E333-8FDC-42A3-9474-1A3956D46DE8}") = "DEMOS", "DEMOS", "{8BE43EAA-6C33-411D-8B2E-A2D806947B47}"
EndProject
Project("{FAE04EC0-301F-11D3-BF4B-00C04F79EFBC}") = "Spring.NetDemo", "Spring.NetDemo\Spring.NetDemo.csproj", "{9CFB9303-2A21-405F-9D63-089D4D1E407A}"
EndProject
Project("{FAE04EC0-301F-11D3-BF4B-00C04F79EFBC}") = "TZModel", "TZModel\TZModel.csproj", "{66C82839-B9A7-4568-AD6B-5036ED60990A}"
EndProject
Project("{2150E333-8FDC-42A3-9474-1A3956D46DE8}") = "UIs", "UIs", "{360750D4-339D-47A2-8235-255BE6400498}"
EndProject
Project("{FAE04EC0-301F-11D3-BF4B-00C04F79EFBC}") = "log4net", "log4net\log4net.csproj", "{6F4CAAAF-1BBE-422A-969B-DE2FB38274A7}"
EndProject
Project("{FAE04EC0-301F-11D3-BF4B-00C04F79EFBC}") = "RedisDemo", "RedisDemo\RedisDemo.csproj", "{8C6C983F-57DE-4C2B-948A-FB8D8931D718}"
EndProject
Project("{2150E333-8FDC-42A3-9474-1A3956D46DE8}") = "WorkFlow", "WorkFlow", "{65358EB5-53CD-413E-9644-F0C461983075}"
EndProject
Project("{FAE04EC0-301F-11D3-BF4B-00C04F79EFBC}") = "ActivityLibrary", "ActivityLibrary\ActivityLibrary.csproj", "{D0B985B3-7E4A-43D4-87C5-29F91832D414}"
EndProject
Project("{FAE04EC0-301F-11D3-BF4B-00C04F79EFBC}") = "SpringNetAopDemo", "SpringNetAopDemo\SpringNetAopDemo.csproj", "{E593B33D-0EB9-49F5-A002-22C0B370FD45}"
EndProject
Global
	GlobalSection(SolutionConfigurationPlatforms) = preSolution
		Debug|Any CPU = Debug|Any CPU
		Debug|x86 = Debug|x86
		Release|Any CPU = Release|Any CPU
		Release|x86 = Release|x86
	EndGlobalSection
	GlobalSection(ProjectConfigurationPlatforms) = postSolution
		{4AF563B8-FCB7-403B-9A05-0E97C905A770}.Debug|Any CPU.ActiveCfg = Debug|Any CPU
		{4AF563B8-FCB7-403B-9A05-0E97C905A770}.Debug|Any CPU.Build.0 = Debug|Any CPU
		{4AF563B8-FCB7-403B-9A05-0E97C905A770}.Debug|x86.ActiveCfg = Debug|Any CPU
		{4AF563B8-FCB7-403B-9A05-0E97C905A770}.Debug|x86.Build.0 = Debug|Any CPU
		{4AF563B8-FCB7-403B-9A05-0E97C905A770}.Release|Any CPU.ActiveCfg = Release|Any CPU
		{4AF563B8-FCB7-403B-9A05-0E97C905A770}.Release|Any CPU.Build.0 = Release|Any CPU
		{4AF563B8-FCB7-403B-9A05-0E97C905A770}.Release|x86.ActiveCfg = Release|Any CPU
		{4AF563B8-FCB7-403B-9A05-0E97C905A770}.Release|x86.Build.0 = Release|Any CPU
		{C99E38E7-CB1A-4176-B1A4-C684147AB7A2}.Debug|Any CPU.ActiveCfg = Debug|Any CPU
		{C99E38E7-CB1A-4176-B1A4-C684147AB7A2}.Debug|Any CPU.Build.0 = Debug|Any CPU
		{C99E38E7-CB1A-4176-B1A4-C684147AB7A2}.Debug|x86.ActiveCfg = Debug|Any CPU
		{C99E38E7-CB1A-4176-B1A4-C684147AB7A2}.Debug|x86.Build.0 = Debug|Any CPU
		{C99E38E7-CB1A-4176-B1A4-C684147AB7A2}.Release|Any CPU.ActiveCfg = Release|Any CPU
		{C99E38E7-CB1A-4176-B1A4-C684147AB7A2}.Release|Any CPU.Build.0 = Release|Any CPU
		{C99E38E7-CB1A-4176-B1A4-C684147AB7A2}.Release|x86.ActiveCfg = Release|Any CPU
		{C99E38E7-CB1A-4176-B1A4-C684147AB7A2}.Release|x86.Build.0 = Release|Any CPU
		{EFA6E0B4-E51E-4CF5-8C11-E206DB933119}.Debug|Any CPU.ActiveCfg = Debug|Any CPU
		{EFA6E0B4-E51E-4CF5-8C11-E206DB933119}.Debug|Any CPU.Build.0 = Debug|Any CPU
		{EFA6E0B4-E51E-4CF5-8C11-E206DB933119}.Debug|x86.ActiveCfg = Debug|Any CPU
		{EFA6E0B4-E51E-4CF5-8C11-E206DB933119}.Debug|x86.Build.0 = Debug|Any CPU
		{EFA6E0B4-E51E-4CF5-8C11-E206DB933119}.Release|Any CPU.ActiveCfg = Release|Any CPU
		{EFA6E0B4-E51E-4CF5-8C11-E206DB933119}.Release|Any CPU.Build.0 = Release|Any CPU
		{EFA6E0B4-E51E-4CF5-8C11-E206DB933119}.Release|x86.ActiveCfg = Release|Any CPU
		{EFA6E0B4-E51E-4CF5-8C11-E206DB933119}.Release|x86.Build.0 = Release|Any CPU
		{83972257-FDC7-4460-B236-CBFADF30674A}.Debug|Any CPU.ActiveCfg = Debug|Any CPU
		{83972257-FDC7-4460-B236-CBFADF30674A}.Debug|Any CPU.Build.0 = Debug|Any CPU
		{83972257-FDC7-4460-B236-CBFADF30674A}.Debug|x86.ActiveCfg = Debug|Any CPU
		{83972257-FDC7-4460-B236-CBFADF30674A}.Debug|x86.Build.0 = Debug|Any CPU
		{83972257-FDC7-4460-B236-CBFADF30674A}.Release|Any CPU.ActiveCfg = Release|Any CPU
		{83972257-FDC7-4460-B236-CBFADF30674A}.Release|Any CPU.Build.0 = Release|Any CPU
		{83972257-FDC7-4460-B236-CBFADF30674A}.Release|x86.ActiveCfg = Release|Any CPU
		{83972257-FDC7-4460-B236-CBFADF30674A}.Release|x86.Build.0 = Release|Any CPU
		{B5E351A7-666F-446E-B1B8-2305D5C153AB}.Debug|Any CPU.ActiveCfg = Debug|Any CPU
		{B5E351A7-666F-446E-B1B8-2305D5C153AB}.Debug|Any CPU.Build.0 = Debug|Any CPU
		{B5E351A7-666F-446E-B1B8-2305D5C153AB}.Debug|x86.ActiveCfg = Debug|Any CPU
		{B5E351A7-666F-446E-B1B8-2305D5C153AB}.Debug|x86.Build.0 = Debug|Any CPU
		{B5E351A7-666F-446E-B1B8-2305D5C153AB}.Release|Any CPU.ActiveCfg = Release|Any CPU
		{B5E351A7-666F-446E-B1B8-2305D5C153AB}.Release|Any CPU.Build.0 = Release|Any CPU
		{B5E351A7-666F-446E-B1B8-2305D5C153AB}.Release|x86.ActiveCfg = Release|Any CPU
		{B5E351A7-666F-446E-B1B8-2305D5C153AB}.Release|x86.Build.0 = Release|Any CPU
		{C033D8E7-2422-4094-9212-4157A963FA34}.Debug|Any CPU.ActiveCfg = Debug|Any CPU
		{C033D8E7-2422-4094-9212-4157A963FA34}.Debug|Any CPU.Build.0 = Debug|Any CPU
		{C033D8E7-2422-4094-9212-4157A963FA34}.Debug|x86.ActiveCfg = Debug|Any CPU
		{C033D8E7-2422-4094-9212-4157A963FA34}.Debug|x86.Build.0 = Debug|Any CPU
		{C033D8E7-2422-4094-9212-4157A963FA34}.Release|Any CPU.ActiveCfg = Release|Any CPU
		{C033D8E7-2422-4094-9212-4157A963FA34}.Release|Any CPU.Build.0 = Release|Any CPU
		{C033D8E7-2422-4094-9212-4157A963FA34}.Release|x86.ActiveCfg = Release|Any CPU
		{C033D8E7-2422-4094-9212-4157A963FA34}.Release|x86.Build.0 = Release|Any CPU
		{D954F9BC-D1AB-4288-9E26-CE2213FA5DBC}.Debug|Any CPU.ActiveCfg = Debug|Any CPU
		{D954F9BC-D1AB-4288-9E26-CE2213FA5DBC}.Debug|Any CPU.Build.0 = Debug|Any CPU
		{D954F9BC-D1AB-4288-9E26-CE2213FA5DBC}.Debug|x86.ActiveCfg = Debug|Any CPU
		{D954F9BC-D1AB-4288-9E26-CE2213FA5DBC}.Debug|x86.Build.0 = Debug|Any CPU
		{D954F9BC-D1AB-4288-9E26-CE2213FA5DBC}.Release|Any CPU.ActiveCfg = Release|Any CPU
		{D954F9BC-D1AB-4288-9E26-CE2213FA5DBC}.Release|Any CPU.Build.0 = Release|Any CPU
		{D954F9BC-D1AB-4288-9E26-CE2213FA5DBC}.Release|x86.ActiveCfg = Release|Any CPU
		{D954F9BC-D1AB-4288-9E26-CE2213FA5DBC}.Release|x86.Build.0 = Release|Any CPU
		{ECE5A73B-99B2-4137-8AB8-2C76B54E2B0A}.Debug|Any CPU.ActiveCfg = Debug|Any CPU
		{ECE5A73B-99B2-4137-8AB8-2C76B54E2B0A}.Debug|Any CPU.Build.0 = Debug|Any CPU
		{ECE5A73B-99B2-4137-8AB8-2C76B54E2B0A}.Debug|x86.ActiveCfg = Debug|Any CPU
		{ECE5A73B-99B2-4137-8AB8-2C76B54E2B0A}.Debug|x86.Build.0 = Debug|Any CPU
		{ECE5A73B-99B2-4137-8AB8-2C76B54E2B0A}.Release|Any CPU.ActiveCfg = Release|Any CPU
		{ECE5A73B-99B2-4137-8AB8-2C76B54E2B0A}.Release|Any CPU.Build.0 = Release|Any CPU
		{ECE5A73B-99B2-4137-8AB8-2C76B54E2B0A}.Release|x86.ActiveCfg = Release|Any CPU
		{ECE5A73B-99B2-4137-8AB8-2C76B54E2B0A}.Release|x86.Build.0 = Release|Any CPU
		{9CFB9303-2A21-405F-9D63-089D4D1E407A}.Debug|Any CPU.ActiveCfg = Debug|Any CPU
		{9CFB9303-2A21-405F-9D63-089D4D1E407A}.Debug|Any CPU.Build.0 = Debug|Any CPU
		{9CFB9303-2A21-405F-9D63-089D4D1E407A}.Debug|x86.ActiveCfg = Debug|Any CPU
		{9CFB9303-2A21-405F-9D63-089D4D1E407A}.Debug|x86.Build.0 = Debug|Any CPU
		{9CFB9303-2A21-405F-9D63-089D4D1E407A}.Release|Any CPU.ActiveCfg = Release|Any CPU
		{9CFB9303-2A21-405F-9D63-089D4D1E407A}.Release|Any CPU.Build.0 = Release|Any CPU
		{9CFB9303-2A21-405F-9D63-089D4D1E407A}.Release|x86.ActiveCfg = Release|Any CPU
		{9CFB9303-2A21-405F-9D63-089D4D1E407A}.Release|x86.Build.0 = Release|Any CPU
		{66C82839-B9A7-4568-AD6B-5036ED60990A}.Debug|Any CPU.ActiveCfg = Debug|Any CPU
		{66C82839-B9A7-4568-AD6B-5036ED60990A}.Debug|Any CPU.Build.0 = Debug|Any CPU
		{66C82839-B9A7-4568-AD6B-5036ED60990A}.Debug|x86.ActiveCfg = Debug|Any CPU
		{66C82839-B9A7-4568-AD6B-5036ED60990A}.Debug|x86.Build.0 = Debug|Any CPU
		{66C82839-B9A7-4568-AD6B-5036ED60990A}.Release|Any CPU.ActiveCfg = Release|Any CPU
		{66C82839-B9A7-4568-AD6B-5036ED60990A}.Release|Any CPU.Build.0 = Release|Any CPU
		{66C82839-B9A7-4568-AD6B-5036ED60990A}.Release|x86.ActiveCfg = Release|Any CPU
		{66C82839-B9A7-4568-AD6B-5036ED60990A}.Release|x86.Build.0 = Release|Any CPU
		{6F4CAAAF-1BBE-422A-969B-DE2FB38274A7}.Debug|Any CPU.ActiveCfg = Debug|Any CPU
		{6F4CAAAF-1BBE-422A-969B-DE2FB38274A7}.Debug|Any CPU.Build.0 = Debug|Any CPU
		{6F4CAAAF-1BBE-422A-969B-DE2FB38274A7}.Debug|x86.ActiveCfg = Debug|Any CPU
		{6F4CAAAF-1BBE-422A-969B-DE2FB38274A7}.Debug|x86.Build.0 = Debug|Any CPU
		{6F4CAAAF-1BBE-422A-969B-DE2FB38274A7}.Release|Any CPU.ActiveCfg = Release|Any CPU
		{6F4CAAAF-1BBE-422A-969B-DE2FB38274A7}.Release|Any CPU.Build.0 = Release|Any CPU
		{6F4CAAAF-1BBE-422A-969B-DE2FB38274A7}.Release|x86.ActiveCfg = Release|Any CPU
		{6F4CAAAF-1BBE-422A-969B-DE2FB38274A7}.Release|x86.Build.0 = Release|Any CPU
		{8C6C983F-57DE-4C2B-948A-FB8D8931D718}.Debug|Any CPU.ActiveCfg = Debug|Any CPU
		{8C6C983F-57DE-4C2B-948A-FB8D8931D718}.Debug|Any CPU.Build.0 = Debug|Any CPU
		{8C6C983F-57DE-4C2B-948A-FB8D8931D718}.Debug|x86.ActiveCfg = Debug|Any CPU
		{8C6C983F-57DE-4C2B-948A-FB8D8931D718}.Debug|x86.Build.0 = Debug|Any CPU
		{8C6C983F-57DE-4C2B-948A-FB8D8931D718}.Release|Any CPU.ActiveCfg = Release|Any CPU
		{8C6C983F-57DE-4C2B-948A-FB8D8931D718}.Release|Any CPU.Build.0 = Release|Any CPU
		{8C6C983F-57DE-4C2B-948A-FB8D8931D718}.Release|x86.ActiveCfg = Release|Any CPU
		{8C6C983F-57DE-4C2B-948A-FB8D8931D718}.Release|x86.Build.0 = Release|Any CPU
		{D0B985B3-7E4A-43D4-87C5-29F91832D414}.Debug|Any CPU.ActiveCfg = Debug|Any CPU
		{D0B985B3-7E4A-43D4-87C5-29F91832D414}.Debug|Any CPU.Build.0 = Debug|Any CPU
		{D0B985B3-7E4A-43D4-87C5-29F91832D414}.Debug|x86.ActiveCfg = Debug|Any CPU
		{D0B985B3-7E4A-43D4-87C5-29F91832D414}.Debug|x86.Build.0 = Debug|Any CPU
		{D0B985B3-7E4A-43D4-87C5-29F91832D414}.Release|Any CPU.ActiveCfg = Release|Any CPU
		{D0B985B3-7E4A-43D4-87C5-29F91832D414}.Release|Any CPU.Build.0 = Release|Any CPU
		{D0B985B3-7E4A-43D4-87C5-29F91832D414}.Release|x86.ActiveCfg = Release|Any CPU
		{D0B985B3-7E4A-43D4-87C5-29F91832D414}.Release|x86.Build.0 = Release|Any CPU
		{E593B33D-0EB9-49F5-A002-22C0B370FD45}.Debug|Any CPU.ActiveCfg = Debug|Any CPU
		{E593B33D-0EB9-49F5-A002-22C0B370FD45}.Debug|Any CPU.Build.0 = Debug|Any CPU
		{E593B33D-0EB9-49F5-A002-22C0B370FD45}.Debug|x86.ActiveCfg = Debug|Any CPU
		{E593B33D-0EB9-49F5-A002-22C0B370FD45}.Debug|x86.Build.0 = Debug|Any CPU
		{E593B33D-0EB9-49F5-A002-22C0B370FD45}.Release|Any CPU.ActiveCfg = Release|Any CPU
		{E593B33D-0EB9-49F5-A002-22C0B370FD45}.Release|Any CPU.Build.0 = Release|Any CPU
		{E593B33D-0EB9-49F5-A002-22C0B370FD45}.Release|x86.ActiveCfg = Release|Any CPU
		{E593B33D-0EB9-49F5-A002-22C0B370FD45}.Release|x86.Build.0 = Release|Any CPU
	EndGlobalSection
	GlobalSection(SolutionProperties) = preSolution
		HideSolutionNode = FALSE
	EndGlobalSection
	GlobalSection(NestedProjects) = preSolution
		{4AF563B8-FCB7-403B-9A05-0E97C905A770} = {E11F1C40-1EDB-4031-9F51-077500475424}
		{C99E38E7-CB1A-4176-B1A4-C684147AB7A2} = {275927B4-9FCB-4802-A3F2-CD7BA88D2CBF}
		{EFA6E0B4-E51E-4CF5-8C11-E206DB933119} = {B457BBCE-D498-4067-85EE-5AE70FBA7C34}
		{B5E351A7-666F-446E-B1B8-2305D5C153AB} = {360750D4-339D-47A2-8235-255BE6400498}
		{C033D8E7-2422-4094-9212-4157A963FA34} = {275927B4-9FCB-4802-A3F2-CD7BA88D2CBF}
		{D954F9BC-D1AB-4288-9E26-CE2213FA5DBC} = {275927B4-9FCB-4802-A3F2-CD7BA88D2CBF}
		{ECE5A73B-99B2-4137-8AB8-2C76B54E2B0A} = {B457BBCE-D498-4067-85EE-5AE70FBA7C34}
		{9CFB9303-2A21-405F-9D63-089D4D1E407A} = {8BE43EAA-6C33-411D-8B2E-A2D806947B47}
		{66C82839-B9A7-4568-AD6B-5036ED60990A} = {8BE43EAA-6C33-411D-8B2E-A2D806947B47}
		{6F4CAAAF-1BBE-422A-969B-DE2FB38274A7} = {8BE43EAA-6C33-411D-8B2E-A2D806947B47}
		{8C6C983F-57DE-4C2B-948A-FB8D8931D718} = {8BE43EAA-6C33-411D-8B2E-A2D806947B47}
		{D0B985B3-7E4A-43D4-87C5-29F91832D414} = {65358EB5-53CD-413E-9644-F0C461983075}
		{E593B33D-0EB9-49F5-A002-22C0B370FD45} = {8BE43EAA-6C33-411D-8B2E-A2D806947B47}
	EndGlobalSection
EndGlobal
